Microsoft Visual Studio Solution File, Format Version 12.00
# Visual Studio Version 17
VisualStudioVersion = 17.5.2.0
MinimumVisualStudioVersion = 10.0.40219.1
Project("{FAE04EC0-301F-11D3-BF4B-00C04F79EFBC}") = "EfCore.SoftDelete", "EfCore.SoftDelete\EfCore.SoftDelete.csproj", "{B6E18780-921E-15F0-7763-A4366720F5BE}"
EndProject
Global
	GlobalSection(SolutionConfigurationPlatforms) = preSolution
		Debug|Any CPU = Debug|Any CPU
		Release|Any CPU = Release|Any CPU
	EndGlobalSection
	GlobalSection(ProjectConfigurationPlatforms) = postSolution
		{B6E18780-921E-15F0-7763-A4366720F5BE}.Debug|Any CPU.ActiveCfg = Debug|Any CPU
		{B6E18780-921E-15F0-7763-A4366720F5BE}.Debug|Any CPU.Build.0 = Debug|Any CPU
		{B6E18780-921E-15F0-7763-A4366720F5BE}.Release|Any CPU.ActiveCfg = Release|Any CPU
		{B6E18780-921E-15F0-7763-A4366720F5BE}.Release|Any CPU.Build.0 = Release|Any CPU
	EndGlobalSection
	GlobalSection(SolutionProperties) = preSolution
		HideSolutionNode = FALSE
	EndGlobalSection
	GlobalSection(ExtensibilityGlobals) = postSolution
		SolutionGuid = {6B63660A-17BB-47A5-AB54-D06494AF6505}
	EndGlobalSection
EndGlobal
